// !$*UTF8*$!
{
	archiveVersion = 1;
	classes = {
	};
	objectVersion = 55;
	objects = {

/* Begin PBXBuildFile section */
		C4C97F5C286CDF4600A75DA8 /* AfricaApp.swift in Sources */ = {isa = PBXBuildFile; fileRef = C4C97F5B286CDF4600A75DA8 /* AfricaApp.swift */; };
		C4C97F5E286CDF4600A75DA8 /* ContentView.swift in Sources */ = {isa = PBXBuildFile; fileRef = C4C97F5D286CDF4600A75DA8 /* ContentView.swift */; };
		C4C97F60286CDF4800A75DA8 /* Assets.xcassets in Resources */ = {isa = PBXBuildFile; fileRef = C4C97F5F286CDF4800A75DA8 /* Assets.xcassets */; };
		C4C97F63286CDF4800A75DA8 /* Preview Assets.xcassets in Resources */ = {isa = PBXBuildFile; fileRef = C4C97F62286CDF4800A75DA8 /* Preview Assets.xcassets */; };
		C4C97F74286CE50400A75DA8 /* giraffe.mp4 in Resources */ = {isa = PBXBuildFile; fileRef = C4C97F6A286CE50000A75DA8 /* giraffe.mp4 */; };
		C4C97F75286CE50400A75DA8 /* hippo.mp4 in Resources */ = {isa = PBXBuildFile; fileRef = C4C97F6B286CE50100A75DA8 /* hippo.mp4 */; };
		C4C97F76286CE50400A75DA8 /* cheetah.mp4 in Resources */ = {isa = PBXBuildFile; fileRef = C4C97F6C286CE50100A75DA8 /* cheetah.mp4 */; };
		C4C97F77286CE50400A75DA8 /* gorilla.mp4 in Resources */ = {isa = PBXBuildFile; fileRef = C4C97F6D286CE50100A75DA8 /* gorilla.mp4 */; };
		C4C97F78286CE50400A75DA8 /* lion.mp4 in Resources */ = {isa = PBXBuildFile; fileRef = C4C97F6E286CE50100A75DA8 /* lion.mp4 */; };
		C4C97F79286CE50400A75DA8 /* ostrich.mp4 in Resources */ = {isa = PBXBuildFile; fileRef = C4C97F6F286CE50200A75DA8 /* ostrich.mp4 */; };
		C4C97F7A286CE50400A75DA8 /* rhino.mp4 in Resources */ = {isa = PBXBuildFile; fileRef = C4C97F70286CE50200A75DA8 /* rhino.mp4 */; };
		C4C97F7B286CE50400A75DA8 /* zebra.mp4 in Resources */ = {isa = PBXBuildFile; fileRef = C4C97F71286CE50300A75DA8 /* zebra.mp4 */; };
		C4C97F7C286CE50400A75DA8 /* lioness.mp4 in Resources */ = {isa = PBXBuildFile; fileRef = C4C97F72286CE50300A75DA8 /* lioness.mp4 */; };
		C4C97F7D286CE50400A75DA8 /* elephant.mp4 in Resources */ = {isa = PBXBuildFile; fileRef = C4C97F73286CE50400A75DA8 /* elephant.mp4 */; };
		C4C97F83286CE54900A75DA8 /* animals.json in Resources */ = {isa = PBXBuildFile; fileRef = C4C97F7F286CE54900A75DA8 /* animals.json */; };
		C4C97F84286CE54900A75DA8 /* covers.json in Resources */ = {isa = PBXBuildFile; fileRef = C4C97F80286CE54900A75DA8 /* covers.json */; };
		C4C97F85286CE54900A75DA8 /* locations.json in Resources */ = {isa = PBXBuildFile; fileRef = C4C97F81286CE54900A75DA8 /* locations.json */; };
		C4C97F86286CE54900A75DA8 /* videos.json in Resources */ = {isa = PBXBuildFile; fileRef = C4C97F82286CE54900A75DA8 /* videos.json */; };
		C4C97F8B286CECCA00A75DA8 /* VideoListView.swift in Sources */ = {isa = PBXBuildFile; fileRef = C4C97F8A286CECCA00A75DA8 /* VideoListView.swift */; };
		C4C97F8D286CECDB00A75DA8 /* MapView.swift in Sources */ = {isa = PBXBuildFile; fileRef = C4C97F8C286CECDB00A75DA8 /* MapView.swift */; };
		C4C97F8F286CECE600A75DA8 /* GalleryView.swift in Sources */ = {isa = PBXBuildFile; fileRef = C4C97F8E286CECE600A75DA8 /* GalleryView.swift */; };
		C4C97F91286CECF700A75DA8 /* MainView.swift in Sources */ = {isa = PBXBuildFile; fileRef = C4C97F90286CECF700A75DA8 /* MainView.swift */; };
		C4C97F94286CF13300A75DA8 /* CoverImageView.swift in Sources */ = {isa = PBXBuildFile; fileRef = C4C97F93286CF13300A75DA8 /* CoverImageView.swift */; };
/* End PBXBuildFile section */

/* Begin PBXFileReference section */
		C4C97F58286CDF4600A75DA8 /* Africa.app */ = {isa = PBXFileReference; explicitFileType = wrapper.application; includeInIndex = 0; path = Africa.app; sourceTree = BUILT_PRODUCTS_DIR; };
		C4C97F5B286CDF4600A75DA8 /* AfricaApp.swift */ = {isa = PBXFileReference; lastKnownFileType = sourcecode.swift; path = AfricaApp.swift; sourceTree = "<group>"; };
		C4C97F5D286CDF4600A75DA8 /* ContentView.swift */ = {isa = PBXFileReference; lastKnownFileType = sourcecode.swift; path = ContentView.swift; sourceTree = "<group>"; };
		C4C97F5F286CDF4800A75DA8 /* Assets.xcassets */ = {isa = PBXFileReference; lastKnownFileType = folder.assetcatalog; path = Assets.xcassets; sourceTree = "<group>"; };
		C4C97F62286CDF4800A75DA8 /* Preview Assets.xcassets */ = {isa = PBXFileReference; lastKnownFileType = folder.assetcatalog; path = "Preview Assets.xcassets"; sourceTree = "<group>"; };
		C4C97F6A286CE50000A75DA8 /* giraffe.mp4 */ = {isa = PBXFileReference; lastKnownFileType = file; path = giraffe.mp4; sourceTree = "<group>"; };
		C4C97F6B286CE50100A75DA8 /* hippo.mp4 */ = {isa = PBXFileReference; lastKnownFileType = file; path = hippo.mp4; sourceTree = "<group>"; };
		C4C97F6C286CE50100A75DA8 /* cheetah.mp4 */ = {isa = PBXFileReference; lastKnownFileType = file; path = cheetah.mp4; sourceTree = "<group>"; };
		C4C97F6D286CE50100A75DA8 /* gorilla.mp4 */ = {isa = PBXFileReference; lastKnownFileType = file; path = gorilla.mp4; sourceTree = "<group>"; };
		C4C97F6E286CE50100A75DA8 /* lion.mp4 */ = {isa = PBXFileReference; lastKnownFileType = file; path = lion.mp4; sourceTree = "<group>"; };
		C4C97F6F286CE50200A75DA8 /* ostrich.mp4 */ = {isa = PBXFileReference; lastKnownFileType = file; path = ostrich.mp4; sourceTree = "<group>"; };
		C4C97F70286CE50200A75DA8 /* rhino.mp4 */ = {isa = PBXFileReference; lastKnownFileType = file; path = rhino.mp4; sourceTree = "<group>"; };
		C4C97F71286CE50300A75DA8 /* zebra.mp4 */ = {isa = PBXFileReference; lastKnownFileType = file; path = zebra.mp4; sourceTree = "<group>"; };
		C4C97F72286CE50300A75DA8 /* lioness.mp4 */ = {isa = PBXFileReference; lastKnownFileType = file; path = lioness.mp4; sourceTree = "<group>"; };
		C4C97F73286CE50400A75DA8 /* elephant.mp4 */ = {isa = PBXFileReference; lastKnownFileType = file; path = elephant.mp4; sourceTree = "<group>"; };
		C4C97F7F286CE54900A75DA8 /* animals.json */ = {isa = PBXFileReference; fileEncoding = 4; lastKnownFileType = text.json; path = animals.json; sourceTree = "<group>"; };
		C4C97F80286CE54900A75DA8 /* covers.json */ = {isa = PBXFileReference; fileEncoding = 4; lastKnownFileType = text.json; path = covers.json; sourceTree = "<group>"; };
		C4C97F81286CE54900A75DA8 /* locations.json */ = {isa = PBXFileReference; fileEncoding = 4; lastKnownFileType = text.json; path = locations.json; sourceTree = "<group>"; };
		C4C97F82286CE54900A75DA8 /* videos.json */ = {isa = PBXFileReference; fileEncoding = 4; lastKnownFileType = text.json; path = videos.json; sourceTree = "<group>"; };
		C4C97F87286CEBA700A75DA8 /* Info.plist */ = {isa = PBXFileReference; lastKnownFileType = text.plist; path = Info.plist; sourceTree = "<group>"; };
		C4C97F8A286CECCA00A75DA8 /* VideoListView.swift */ = {isa = PBXFileReference; lastKnownFileType = sourcecode.swift; path = VideoListView.swift; sourceTree = "<group>"; };
		C4C97F8C286CECDB00A75DA8 /* MapView.swift */ = {isa = PBXFileReference; lastKnownFileType = sourcecode.swift; path = MapView.swift; sourceTree = "<group>"; };
		C4C97F8E286CECE600A75DA8 /* GalleryView.swift */ = {isa = PBXFileReference; lastKnownFileType = sourcecode.swift; path = GalleryView.swift; sourceTree = "<group>"; };
		C4C97F90286CECF700A75DA8 /* MainView.swift */ = {isa = PBXFileReference; lastKnownFileType = sourcecode.swift; path = MainView.swift; sourceTree = "<group>"; };
		C4C97F93286CF13300A75DA8 /* CoverImageView.swift */ = {isa = PBXFileReference; lastKnownFileType = sourcecode.swift; path = CoverImageView.swift; sourceTree = "<group>"; };
/* End PBXFileReference section */

/* Begin PBXFrameworksBuildPhase section */
		C4C97F55286CDF4600A75DA8 /* Frameworks */ = {
			isa = PBXFrameworksBuildPhase;
			buildActionMask = 2147483647;
			files = (
			);
			runOnlyForDeploymentPostprocessing = 0;
		};
/* End PBXFrameworksBuildPhase section */

/* Begin PBXGroup section */
		C4C97F4F286CDF4600A75DA8 = {
			isa = PBXGroup;
			children = (
				C4C97F5A286CDF4600A75DA8 /* Africa */,
				C4C97F59286CDF4600A75DA8 /* Products */,
			);
			sourceTree = "<group>";
		};
		C4C97F59286CDF4600A75DA8 /* Products */ = {
			isa = PBXGroup;
			children = (
				C4C97F58286CDF4600A75DA8 /* Africa.app */,
			);
			name = Products;
			sourceTree = "<group>";
		};
		C4C97F5A286CDF4600A75DA8 /* Africa */ = {
			isa = PBXGroup;
			children = (
				C4C97F92286CF12300A75DA8 /* View */,
				C4C97F87286CEBA700A75DA8 /* Info.plist */,
				C4C97F7E286CE53200A75DA8 /* Data */,
				C4C97F69286CE4D900A75DA8 /* Video */,
				C4C97F89286CEC9400A75DA8 /* App */,
				C4C97F5F286CDF4800A75DA8 /* Assets.xcassets */,
				C4C97F61286CDF4800A75DA8 /* Preview Content */,
			);
			path = Africa;
			sourceTree = "<group>";
		};
		C4C97F61286CDF4800A75DA8 /* Preview Content */ = {
			isa = PBXGroup;
			children = (
				C4C97F62286CDF4800A75DA8 /* Preview Assets.xcassets */,
			);
			path = "Preview Content";
			sourceTree = "<group>";
		};
		C4C97F69286CE4D900A75DA8 /* Video */ = {
			isa = PBXGroup;
			children = (
				C4C97F6C286CE50100A75DA8 /* cheetah.mp4 */,
				C4C97F73286CE50400A75DA8 /* elephant.mp4 */,
				C4C97F6A286CE50000A75DA8 /* giraffe.mp4 */,
				C4C97F6D286CE50100A75DA8 /* gorilla.mp4 */,
				C4C97F6B286CE50100A75DA8 /* hippo.mp4 */,
				C4C97F6E286CE50100A75DA8 /* lion.mp4 */,
				C4C97F72286CE50300A75DA8 /* lioness.mp4 */,
				C4C97F6F286CE50200A75DA8 /* ostrich.mp4 */,
				C4C97F70286CE50200A75DA8 /* rhino.mp4 */,
				C4C97F71286CE50300A75DA8 /* zebra.mp4 */,
			);
			path = Video;
			sourceTree = "<group>";
		};
		C4C97F7E286CE53200A75DA8 /* Data */ = {
			isa = PBXGroup;
			children = (
				C4C97F7F286CE54900A75DA8 /* animals.json */,
				C4C97F80286CE54900A75DA8 /* covers.json */,
				C4C97F81286CE54900A75DA8 /* locations.json */,
				C4C97F82286CE54900A75DA8 /* videos.json */,
			);
			path = Data;
			sourceTree = "<group>";
		};
		C4C97F89286CEC9400A75DA8 /* App */ = {
			isa = PBXGroup;
			children = (
				C4C97F5B286CDF4600A75DA8 /* AfricaApp.swift */,
				C4C97F5D286CDF4600A75DA8 /* ContentView.swift */,
				C4C97F8A286CECCA00A75DA8 /* VideoListView.swift */,
				C4C97F8C286CECDB00A75DA8 /* MapView.swift */,
				C4C97F8E286CECE600A75DA8 /* GalleryView.swift */,
				C4C97F90286CECF700A75DA8 /* MainView.swift */,
			);
			path = App;
			sourceTree = "<group>";
		};
		C4C97F92286CF12300A75DA8 /* View */ = {
			isa = PBXGroup;
			children = (
				C4C97F93286CF13300A75DA8 /* CoverImageView.swift */,
			);
			path = View;
			sourceTree = "<group>";
		};
/* End PBXGroup section */

/* Begin PBXNativeTarget section */
		C4C97F57286CDF4600A75DA8 /* Africa */ = {
			isa = PBXNativeTarget;
			buildConfigurationList = C4C97F66286CDF4800A75DA8 /* Build configuration list for PBXNativeTarget "Africa" */;
			buildPhases = (
				C4C97F54286CDF4600A75DA8 /* Sources */,
				C4C97F55286CDF4600A75DA8 /* Frameworks */,
				C4C97F56286CDF4600A75DA8 /* Resources */,
			);
			buildRules = (
			);
			dependencies = (
			);
			name = Africa;
			productName = Africa;
			productReference = C4C97F58286CDF4600A75DA8 /* Africa.app */;
			productType = "com.apple.product-type.application";
		};
/* End PBXNativeTarget section */

/* Begin PBXProject section */
		C4C97F50286CDF4600A75DA8 /* Project object */ = {
			isa = PBXProject;
			attributes = {
				BuildIndependentTargetsInParallel = 1;
				LastSwiftUpdateCheck = 1340;
				LastUpgradeCheck = 1340;
				TargetAttributes = {
					C4C97F57286CDF4600A75DA8 = {
						CreatedOnToolsVersion = 13.4.1;
					};
				};
			};
			buildConfigurationList = C4C97F53286CDF4600A75DA8 /* Build configuration list for PBXProject "Africa" */;
			compatibilityVersion = "Xcode 13.0";
			developmentRegion = en;
			hasScannedForEncodings = 0;
			knownRegions = (
				en,
				Base,
			);
			mainGroup = C4C97F4F286CDF4600A75DA8;
			productRefGroup = C4C97F59286CDF4600A75DA8 /* Products */;
			projectDirPath = "";
			projectRoot = "";
			targets = (
				C4C97F57286CDF4600A75DA8 /* Africa */,
			);
		};
/* End PBXProject section */

/* Begin PBXResourcesBuildPhase section */
		C4C97F56286CDF4600A75DA8 /* Resources */ = {
			isa = PBXResourcesBuildPhase;
			buildActionMask = 2147483647;
			files = (
				C4C97F75286CE50400A75DA8 /* hippo.mp4 in Resources */,
				C4C97F7C286CE50400A75DA8 /* lioness.mp4 in Resources */,
				C4C97F76286CE50400A75DA8 /* cheetah.mp4 in Resources */,
				C4C97F78286CE50400A75DA8 /* lion.mp4 in Resources */,
				C4C97F7A286CE50400A75DA8 /* rhino.mp4 in Resources */,
				C4C97F63286CDF4800A75DA8 /* Preview Assets.xcassets in Resources */,
				C4C97F60286CDF4800A75DA8 /* Assets.xcassets in Resources */,
				C4C97F85286CE54900A75DA8 /* locations.json in Resources */,
				C4C97F84286CE54900A75DA8 /* covers.json in Resources */,
				C4C97F83286CE54900A75DA8 /* animals.json in Resources */,
				C4C97F7B286CE50400A75DA8 /* zebra.mp4 in Resources */,
				C4C97F7D286CE50400A75DA8 /* elephant.mp4 in Resources */,
				C4C97F77286CE50400A75DA8 /* gorilla.mp4 in Resources */,
				C4C97F86286CE54900A75DA8 /* videos.json in Resources */,
				C4C97F79286CE50400A75DA8 /* ostrich.mp4 in Resources */,
				C4C97F74286CE50400A75DA8 /* giraffe.mp4 in Resources */,
			);
			runOnlyForDeploymentPostprocessing = 0;
		};
/* End PBXResourcesBuildPhase section */

/* Begin PBXSourcesBuildPhase section */
		C4C97F54286CDF4600A75DA8 /* Sources */ = {
			isa = PBXSourcesBuildPhase;
			buildActionMask = 2147483647;
			files = (
				C4C97F5E286CDF4600A75DA8 /* ContentView.swift in Sources */,
				C4C97F91286CECF700A75DA8 /* MainView.swift in Sources */,
				C4C97F94286CF13300A75DA8 /* CoverImageView.swift in Sources */,
				C4C97F8D286CECDB00A75DA8 /* MapView.swift in Sources */,
				C4C97F5C286CDF4600A75DA8 /* AfricaApp.swift in Sources */,
				C4C97F8B286CECCA00A75DA8 /* VideoListView.swift in Sources */,
				C4C97F8F286CECE600A75DA8 /* GalleryView.swift in Sources */,
			);
			runOnlyForDeploymentPostprocessing = 0;
		};
/* End PBXSourcesBuildPhase section */

/* Begin XCBuildConfiguration section */
		C4C97F64286CDF4800A75DA8 /* Debug */ = {
			isa = XCBuildConfiguration;
			buildSettings = {
				ALWAYS_SEARCH_USER_PATHS = NO;
				CLANG_ANALYZER_NONNULL = YES;
				CLANG_ANALYZER_NUMBER_OBJECT_CONVERSION = YES_AGGRESSIVE;
				CLANG_CXX_LANGUAGE_STANDARD = "gnu++17";
				CLANG_ENABLE_MODULES = YES;
				CLANG_ENABLE_OBJC_ARC = YES;
				CLANG_ENABLE_OBJC_WEAK = YES;
				CLANG_WARN_BLOCK_CAPTURE_AUTORELEASING = YES;
				CLANG_WARN_BOOL_CONVERSION = YES;
				CLANG_WARN_COMMA = YES;
				CLANG_WARN_CONSTANT_CONVERSION = YES;
				CLANG_WARN_DEPRECATED_OBJC_IMPLEMENTATIONS = YES;
				CLANG_WARN_DIRECT_OBJC_ISA_USAGE = YES_ERROR;
				CLANG_WARN_DOCUMENTATION_COMMENTS = YES;
				CLANG_WARN_EMPTY_BODY = YES;
				CLANG_WARN_ENUM_CONVERSION = YES;
				CLANG_WARN_INFINITE_RECURSION = YES;
				CLANG_WARN_INT_CONVERSION = YES;
				CLANG_WARN_NON_LITERAL_NULL_CONVERSION = YES;
				CLANG_WARN_OBJC_IMPLICIT_RETAIN_SELF = YES;
				CLANG_WARN_OBJC_LITERAL_CONVERSION = YES;
				CLANG_WARN_OBJC_ROOT_CLASS = YES_ERROR;
				CLANG_WARN_QUOTED_INCLUDE_IN_FRAMEWORK_HEADER = YES;
				CLANG_WARN_RANGE_LOOP_ANALYSIS = YES;
				CLANG_WARN_STRICT_PROTOTYPES = YES;
				CLANG_WARN_SUSPICIOUS_MOVE = YES;
				CLANG_WARN_UNGUARDED_AVAILABILITY = YES_AGGRESSIVE;
				CLANG_WARN_UNREACHABLE_CODE = YES;
				CLANG_WARN__DUPLICATE_METHOD_MATCH = YES;
				COPY_PHASE_STRIP = NO;
				DEBUG_INFORMATION_FORMAT = dwarf;
				ENABLE_STRICT_OBJC_MSGSEND = YES;
				ENABLE_TESTABILITY = YES;
				GCC_C_LANGUAGE_STANDARD = gnu11;
				GCC_DYNAMIC_NO_PIC = NO;
				GCC_NO_COMMON_BLOCKS = YES;
				GCC_OPTIMIZATION_LEVEL = 0;
				GCC_PREPROCESSOR_DEFINITIONS = (
					"DEBUG=1",
					"$(inherited)",
				);
				GCC_WARN_64_TO_32_BIT_CONVERSION = YES;
				GCC_WARN_ABOUT_RETURN_TYPE = YES_ERROR;
				GCC_WARN_UNDECLARED_SELECTOR = YES;
				GCC_WARN_UNINITIALIZED_AUTOS = YES_AGGRESSIVE;
				GCC_WARN_UNUSED_FUNCTION = YES;
				GCC_WARN_UNUSED_VARIABLE = YES;
				IPHONEOS_DEPLOYMENT_TARGET = 15.5;
				MTL_ENABLE_DEBUG_INFO = INCLUDE_SOURCE;
				MTL_FAST_MATH = YES;
				ONLY_ACTIVE_ARCH = YES;
				SDKROOT = iphoneos;
				SWIFT_ACTIVE_COMPILATION_CONDITIONS = DEBUG;
				SWIFT_OPTIMIZATION_LEVEL = "-Onone";
			};
			name = Debug;
		};
		C4C97F65286CDF4800A75DA8 /* Release */ = {
			isa = XCBuildConfiguration;
			buildSettings = {
				ALWAYS_SEARCH_USER_PATHS = NO;
				CLANG_ANALYZER_NONNULL = YES;
				CLANG_ANALYZER_NUMBER_OBJECT_CONVERSION = YES_AGGRESSIVE;
				CLANG_CXX_LANGUAGE_STANDARD = "gnu++17";
				CLANG_ENABLE_MODULES = YES;
				CLANG_ENABLE_OBJC_ARC = YES;
				CLANG_ENABLE_OBJC_WEAK = YES;
				CLANG_WARN_BLOCK_CAPTURE_AUTORELEASING = YES;
				CLANG_WARN_BOOL_CONVERSION = YES;
				CLANG_WARN_COMMA = YES;
				CLANG_WARN_CONSTANT_CONVERSION = YES;
				CLANG_WARN_DEPRECATED_OBJC_IMPLEMENTATIONS = YES;
				CLANG_WARN_DIRECT_OBJC_ISA_USAGE = YES_ERROR;
				CLANG_WARN_DOCUMENTATION_COMMENTS = YES;
				CLANG_WARN_EMPTY_BODY = YES;
				CLANG_WARN_ENUM_CONVERSION = YES;
				CLANG_WARN_INFINITE_RECURSION = YES;
				CLANG_WARN_INT_CONVERSION = YES;
				CLANG_WARN_NON_LITERAL_NULL_CONVERSION = YES;
				CLANG_WARN_OBJC_IMPLICIT_RETAIN_SELF = YES;
				CLANG_WARN_OBJC_LITERAL_CONVERSION = YES;
				CLANG_WARN_OBJC_ROOT_CLASS = YES_ERROR;
				CLANG_WARN_QUOTED_INCLUDE_IN_FRAMEWORK_HEADER = YES;
				CLANG_WARN_RANGE_LOOP_ANALYSIS = YES;
				CLANG_WARN_STRICT_PROTOTYPES = YES;
				CLANG_WARN_SUSPICIOUS_MOVE = YES;
				CLANG_WARN_UNGUARDED_AVAILABILITY = YES_AGGRESSIVE;
				CLANG_WARN_UNREACHABLE_CODE = YES;
				CLANG_WARN__DUPLICATE_METHOD_MATCH = YES;
				COPY_PHASE_STRIP = NO;
				DEBUG_INFORMATION_FORMAT = "dwarf-with-dsym";
				ENABLE_NS_ASSERTIONS = NO;
				ENABLE_STRICT_OBJC_MSGSEND = YES;
				GCC_C_LANGUAGE_STANDARD = gnu11;
				GCC_NO_COMMON_BLOCKS = YES;
				GCC_WARN_64_TO_32_BIT_CONVERSION = YES;
				GCC_WARN_ABOUT_RETURN_TYPE = YES_ERROR;
				GCC_WARN_UNDECLARED_SELECTOR = YES;
				GCC_WARN_UNINITIALIZED_AUTOS = YES_AGGRESSIVE;
				GCC_WARN_UNUSED_FUNCTION = YES;
				GCC_WARN_UNUSED_VARIABLE = YES;
				IPHONEOS_DEPLOYMENT_TARGET = 15.5;
				MTL_ENABLE_DEBUG_INFO = NO;
				MTL_FAST_MATH = YES;
				SDKROOT = iphoneos;
				SWIFT_COMPILATION_MODE = wholemodule;
				SWIFT_OPTIMIZATION_LEVEL = "-O";
				VALIDATE_PRODUCT = YES;
			};
			name = Release;
		};
		C4C97F67286CDF4800A75DA8 /* Debug */ = {
			isa = XCBuildConfiguration;
			buildSettings = {
				ASSETCATALOG_COMPILER_APPICON_NAME = AppIcon;
				ASSETCATALOG_COMPILER_GLOBAL_ACCENT_COLOR_NAME = AccentColor;
				CODE_SIGN_STYLE = Automatic;
				CURRENT_PROJECT_VERSION = 1;
				DEVELOPMENT_ASSET_PATHS = "\"Africa/Preview Content\"";
				DEVELOPMENT_TEAM = X28T8ZG28R;
				ENABLE_PREVIEWS = YES;
				GENERATE_INFOPLIST_FILE = YES;
				INFOPLIST_FILE = Africa/Info.plist;
				INFOPLIST_KEY_UIApplicationSceneManifest_Generation = YES;
				INFOPLIST_KEY_UIApplicationSupportsIndirectInputEvents = YES;
				INFOPLIST_KEY_UISupportedInterfaceOrientations_iPad = "UIInterfaceOrientationPortrait UIInterfaceOrientationPortraitUpsideDown UIInterfaceOrientationLandscapeLeft UIInterfaceOrientationLandscapeRight";
				INFOPLIST_KEY_UISupportedInterfaceOrientations_iPhone = "UIInterfaceOrientationPortrait UIInterfaceOrientationLandscapeLeft UIInterfaceOrientationLandscapeRight";
				INFOPLIST_KEY_UIUserInterfaceStyle = Dark;
				LD_RUNPATH_SEARCH_PATHS = (
					"$(inherited)",
					"@executable_path/Frameworks",
				);
				MARKETING_VERSION = 1.0;
				PRODUCT_BUNDLE_IDENTIFIER = murphy.iosDevSean.Africa;
				PRODUCT_NAME = "$(TARGET_NAME)";
				SWIFT_EMIT_LOC_STRINGS = YES;
				SWIFT_VERSION = 5.0;
				TARGETED_DEVICE_FAMILY = "1,2";
			};
			name = Debug;
		};
		C4C97F68286CDF4800A75DA8 /* Release */ = {
			isa = XCBuildConfiguration;
			buildSettings = {
				ASSETCATALOG_COMPILER_APPICON_NAME = AppIcon;
				ASSETCATALOG_COMPILER_GLOBAL_ACCENT_COLOR_NAME = AccentColor;
				CODE_SIGN_STYLE = Automatic;
				CURRENT_PROJECT_VERSION = 1;
				DEVELOPMENT_ASSET_PATHS = "\"Africa/Preview Content\"";
				DEVELOPMENT_TEAM = X28T8ZG28R;
				ENABLE_PREVIEWS = YES;
				GENERATE_INFOPLIST_FILE = YES;
				INFOPLIST_FILE = Africa/Info.plist;
				INFOPLIST_KEY_UIApplicationSceneManifest_Generation = YES;
				INFOPLIST_KEY_UIApplicationSupportsIndirectInputEvents = YES;
				INFOPLIST_KEY_UISupportedInterfaceOrientations_iPad = "UIInterfaceOrientationPortrait UIInterfaceOrientationPortraitUpsideDown UIInterfaceOrientationLandscapeLeft UIInterfaceOrientationLandscapeRight";
				INFOPLIST_KEY_UISupportedInterfaceOrientations_iPhone = "UIInterfaceOrientationPortrait UIInterfaceOrientationLandscapeLeft UIInterfaceOrientationLandscapeRight";
				INFOPLIST_KEY_UIUserInterfaceStyle = Dark;
				LD_RUNPATH_SEARCH_PATHS = (
					"$(inherited)",
					"@executable_path/Frameworks",
				);
				MARKETING_VERSION = 1.0;
				PRODUCT_BUNDLE_IDENTIFIER = murphy.iosDevSean.Africa;
				PRODUCT_NAME = "$(TARGET_NAME)";
				SWIFT_EMIT_LOC_STRINGS = YES;
				SWIFT_VERSION = 5.0;
				TARGETED_DEVICE_FAMILY = "1,2";
			};
			name = Release;
		};
/* End XCBuildConfiguration section */

/* Begin XCConfigurationList section */
		C4C97F53286CDF4600A75DA8 /* Build configuration list for PBXProject "Africa" */ = {
			isa = XCConfigurationList;
			buildConfigurations = (
				C4C97F64286CDF4800A75DA8 /* Debug */,
				C4C97F65286CDF4800A75DA8 /* Release */,
			);
			defaultConfigurationIsVisible = 0;
			defaultConfigurationName = Release;
		};
		C4C97F66286CDF4800A75DA8 /* Build configuration list for PBXNativeTarget "Africa" */ = {
			isa = XCConfigurationList;
			buildConfigurations = (
				C4C97F67286CDF4800A75DA8 /* Debug */,
				C4C97F68286CDF4800A75DA8 /* Release */,
			);
			defaultConfigurationIsVisible = 0;
			defaultConfigurationName = Release;
		};
/* End XCConfigurationList section */
	};
	rootObject = C4C97F50286CDF4600A75DA8 /* Project object */;
}
